
Microsoft Visual Studio Solution File, Format Version 12.00
# Visual Studio Version 17
VisualStudioVersion = 17.14.36414.22 d17.14
MinimumVisualStudioVersion = 10.0.40219.1
Project("{FAE04EC0-301F-11D3-BF4B-00C04F79EFBC}") = "ImageEditor.Web", "ImageEditor.Web\ImageEditor.Web.csproj", "{1C6EA8A5-E781-445E-AD75-67128E2DA6F2}"
EndProject
Project("{FAE04EC0-301F-11D3-BF4B-00C04F79EFBC}") = "ImageEditor.Core", "ImageEditor.Core\ImageEditor.Core.csproj", "{0BBCC491-221B-4214-9566-BF4F7A19776C}"
EndProject
Global
	GlobalSection(SolutionConfigurationPlatforms) = preSolution
		Debug|Any CPU = Debug|Any CPU
		Release|Any CPU = Release|Any CPU
	EndGlobalSection
	GlobalSection(ProjectConfigurationPlatforms) = postSolution
		{1C6EA8A5-E781-445E-AD75-67128E2DA6F2}.Debug|Any CPU.ActiveCfg = Debug|Any CPU
		{1C6EA8A5-E781-445E-AD75-67128E2DA6F2}.Debug|Any CPU.Build.0 = Debug|Any CPU
		{1C6EA8A5-E781-445E-AD75-67128E2DA6F2}.Release|Any CPU.ActiveCfg = Release|Any CPU
		{1C6EA8A5-E781-445E-AD75-67128E2DA6F2}.Release|Any CPU.Build.0 = Release|Any CPU
		{0BBCC491-221B-4214-9566-BF4F7A19776C}.Debug|Any CPU.ActiveCfg = Debug|Any CPU
		{0BBCC491-221B-4214-9566-BF4F7A19776C}.Debug|Any CPU.Build.0 = Debug|Any CPU
		{0BBCC491-221B-4214-9566-BF4F7A19776C}.Release|Any CPU.ActiveCfg = Release|Any CPU
		{0BBCC491-221B-4214-9566-BF4F7A19776C}.Release|Any CPU.Build.0 = Release|Any CPU
	EndGlobalSection
	GlobalSection(SolutionProperties) = preSolution
		HideSolutionNode = FALSE
	EndGlobalSection
	GlobalSection(ExtensibilityGlobals) = postSolution
		SolutionGuid = {BBE8CC85-780F-496E-AF91-C701E33F3577}
	EndGlobalSection
EndGlobal
