
Microsoft Visual Studio Solution File, Format Version 12.00
# Visual Studio Version 17
# .NET 9.0 SDK-style projects
VisualStudioVersion = 17.14.36414.22 d17.14
MinimumVisualStudioVersion = 17.0.31903.59
Project("{09A5259F-C189-4947-881A-162F0248F7B4}") = "ImageEditor.Web", "ImageEditor.Web\ImageEditor.Web.csproj", "{09A5259F-C189-4947-881A-162F0248F7B4}"
EndProject
Project("{09A5259F-C189-4947-881A-162F0248F7B4}") = "ImageEditor.Core", "ImageEditor.Core\ImageEditor.Core.csproj", "{09A5259F-C189-4947-881A-162F0248F7B4}"
EndProject
Global
	GlobalSection(SolutionConfigurationPlatforms) = preSolution
		Debug|Any CPU = Debug|Any CPU
		Release|Any CPU = Release|Any CPU
	EndGlobalSection
	GlobalSection(ProjectConfigurationPlatforms) = postSolution
		{09A5259F-C189-4947-881A-162F0248F7B4}.Debug|Any CPU.ActiveCfg = Debug|Any CPU
		{09A5259F-C189-4947-881A-162F0248F7B4}.Debug|Any CPU.Build.0 = Debug|Any CPU
		{09A5259F-C189-4947-881A-162F0248F7B4}.Release|Any CPU.ActiveCfg = Release|Any CPU
		{09A5259F-C189-4947-881A-162F0248F7B4}.Release|Any CPU.Build.0 = Release|Any CPU
		{09A5259F-C189-4947-881A-162F0248F7B4}.Debug|Any CPU.ActiveCfg = Debug|Any CPU
		{09A5259F-C189-4947-881A-162F0248F7B4}.Debug|Any CPU.Build.0 = Debug|Any CPU
		{09A5259F-C189-4947-881A-162F0248F7B4}.Release|Any CPU.ActiveCfg = Release|Any CPU
		{09A5259F-C189-4947-881A-162F0248F7B4}.Release|Any CPU.Build.0 = Release|Any CPU
	EndGlobalSection
	GlobalSection(SolutionProperties) = preSolution
		HideSolutionNode = FALSE
	EndGlobalSection
	GlobalSection(ExtensibilityGlobals) = postSolution
		SolutionGuid = {BBECC845-780F-496E-AF91-C701E33F3577}
	EndGlobalSection
EndGlobal
